
Microsoft Visual Studio Solution File, Format Version 12.00
# Visual Studio Version 17
VisualStudioVersion = 17.9.34607.119
MinimumVisualStudioVersion = 10.0.40219.1
Project("{FAE04EC0-301F-11D3-BF4B-00C04F79EFBC}") = "YARPManage", "YARPManage\YARPManage.csproj", "{1EACF4CE-1AFC-40AF-94EB-87E1800B0DFA}"
EndProject
Global
	GlobalSection(SolutionConfigurationPlatforms) = preSolution
		Debug|Any CPU = Debug|Any CPU
		Release|Any CPU = Release|Any CPU
	EndGlobalSection
	GlobalSection(ProjectConfigurationPlatforms) = postSolution
		{1EACF4CE-1AFC-40AF-94EB-87E1800B0DFA}.Debug|Any CPU.ActiveCfg = Debug|Any CPU
		{1EACF4CE-1AFC-40AF-94EB-87E1800B0DFA}.Debug|Any CPU.Build.0 = Debug|Any CPU
		{1EACF4CE-1AFC-40AF-94EB-87E1800B0DFA}.Release|Any CPU.ActiveCfg = Release|Any CPU
		{1EACF4CE-1AFC-40AF-94EB-87E1800B0DFA}.Release|Any CPU.Build.0 = Release|Any CPU
	EndGlobalSection
	GlobalSection(SolutionProperties) = preSolution
		HideSolutionNode = FALSE
	EndGlobalSection
	GlobalSection(ExtensibilityGlobals) = postSolution
		SolutionGuid = {6B4063FA-7A70-4AF3-B401-7A1CD04EE042}
	EndGlobalSection
EndGlobal
